<Solution>
  <Folder Name="/src/">
    <Project Path="src/TodoApp.API/TodoApp.API.csproj" />
    <Project Path="src/TodoApp.Application/TodoApp.Application.csproj" />
    <Project Path="src/TodoApp.Domain/TodoApp.Domain.csproj" />
    <Project Path="src/TodoApp.Infrastructure/TodoApp.Infrastructure.csproj" />
  </Folder>
</Solution>
